
Microsoft Visual Studio Solution File, Format Version 12.00
# Visual Studio 2012
Project("{FAE04EC0-301F-11D3-BF4B-00C04F79EFBC}") = "HyperToken_WinForms_GUI", "HyperToken_WinForms_GUI\HyperToken_WinForms_GUI.csproj", "{6E23681C-544E-44B7-81E1-9086F5BFF888}"
	ProjectSection(ProjectDependencies) = postProject
		{18AE5954-CB94-41E2-942D-59BFE225ABC1} = {18AE5954-CB94-41E2-942D-59BFE225ABC1}
	EndProjectSection
EndProject
Project("{FAE04EC0-301F-11D3-BF4B-00C04F79EFBC}") = "CustomControls", "CustomControls\CustomControls.csproj", "{18AE5954-CB94-41E2-942D-59BFE225ABC1}"
EndProject
Project("{FAE04EC0-301F-11D3-BF4B-00C04F79EFBC}") = "Terminal", "Terminal\Terminal.csproj", "{5CD89504-1C11-457F-A1EC-9AC23AB51AD3}"
EndProject
Project("{FAE04EC0-301F-11D3-BF4B-00C04F79EFBC}") = "Terminal_Interface", "ITerminal\Terminal_Interface.csproj", "{CDF84311-5363-4054-AD8B-74741CFD4418}"
EndProject
Project("{FAE04EC0-301F-11D3-BF4B-00C04F79EFBC}") = "HyperToken_Avalon_GUI", "HyperToken_Avalon_GUI\HyperToken_Avalon_GUI.csproj", "{47500225-3865-4C6D-A30C-4B96B8D2A41A}"
EndProject
Project("{FAE04EC0-301F-11D3-BF4B-00C04F79EFBC}") = "Bugsense.WPF", "Bugsense.WPF\Bugsense.WPF\Bugsense.WPF.csproj", "{96D7FDAA-341F-49D9-B910-1F349CA565D7}"
EndProject
Global
	GlobalSection(SolutionConfigurationPlatforms) = preSolution
		Debug|Any CPU = Debug|Any CPU
		Debug|x86 = Debug|x86
		Release|Any CPU = Release|Any CPU
		Release|x86 = Release|x86
	EndGlobalSection
	GlobalSection(ProjectConfigurationPlatforms) = postSolution
		{18AE5954-CB94-41E2-942D-59BFE225ABC1}.Debug|Any CPU.ActiveCfg = Debug|Any CPU
		{18AE5954-CB94-41E2-942D-59BFE225ABC1}.Debug|Any CPU.Build.0 = Debug|Any CPU
		{18AE5954-CB94-41E2-942D-59BFE225ABC1}.Debug|x86.ActiveCfg = Debug|x86
		{18AE5954-CB94-41E2-942D-59BFE225ABC1}.Debug|x86.Build.0 = Debug|x86
		{18AE5954-CB94-41E2-942D-59BFE225ABC1}.Release|Any CPU.ActiveCfg = Release|Any CPU
		{18AE5954-CB94-41E2-942D-59BFE225ABC1}.Release|Any CPU.Build.0 = Release|Any CPU
		{18AE5954-CB94-41E2-942D-59BFE225ABC1}.Release|x86.ActiveCfg = Release|x86
		{18AE5954-CB94-41E2-942D-59BFE225ABC1}.Release|x86.Build.0 = Release|x86
		{47500225-3865-4C6D-A30C-4B96B8D2A41A}.Debug|Any CPU.ActiveCfg = Debug|Any CPU
		{47500225-3865-4C6D-A30C-4B96B8D2A41A}.Debug|x86.ActiveCfg = Debug|x86
		{47500225-3865-4C6D-A30C-4B96B8D2A41A}.Release|Any CPU.ActiveCfg = Release|Any CPU
		{47500225-3865-4C6D-A30C-4B96B8D2A41A}.Release|x86.ActiveCfg = Release|x86
		{47500225-3865-4C6D-A30C-4B96B8D2A41A}.Release|x86.Build.0 = Release|x86
		{5CD89504-1C11-457F-A1EC-9AC23AB51AD3}.Debug|Any CPU.ActiveCfg = Debug|Any CPU
		{5CD89504-1C11-457F-A1EC-9AC23AB51AD3}.Debug|Any CPU.Build.0 = Debug|Any CPU
		{5CD89504-1C11-457F-A1EC-9AC23AB51AD3}.Debug|x86.ActiveCfg = Debug|x86
		{5CD89504-1C11-457F-A1EC-9AC23AB51AD3}.Debug|x86.Build.0 = Debug|x86
		{5CD89504-1C11-457F-A1EC-9AC23AB51AD3}.Release|Any CPU.ActiveCfg = Release|Any CPU
		{5CD89504-1C11-457F-A1EC-9AC23AB51AD3}.Release|Any CPU.Build.0 = Release|Any CPU
		{5CD89504-1C11-457F-A1EC-9AC23AB51AD3}.Release|x86.ActiveCfg = Release|x86
		{5CD89504-1C11-457F-A1EC-9AC23AB51AD3}.Release|x86.Build.0 = Release|x86
		{6E23681C-544E-44B7-81E1-9086F5BFF888}.Debug|Any CPU.ActiveCfg = Debug|Any CPU
		{6E23681C-544E-44B7-81E1-9086F5BFF888}.Debug|Any CPU.Build.0 = Debug|Any CPU
		{6E23681C-544E-44B7-81E1-9086F5BFF888}.Debug|x86.ActiveCfg = Debug|x86
		{6E23681C-544E-44B7-81E1-9086F5BFF888}.Debug|x86.Build.0 = Debug|x86
		{6E23681C-544E-44B7-81E1-9086F5BFF888}.Release|Any CPU.ActiveCfg = Release|Any CPU
		{6E23681C-544E-44B7-81E1-9086F5BFF888}.Release|Any CPU.Build.0 = Release|Any CPU
		{6E23681C-544E-44B7-81E1-9086F5BFF888}.Release|x86.ActiveCfg = Release|x86
		{6E23681C-544E-44B7-81E1-9086F5BFF888}.Release|x86.Build.0 = Release|x86
		{96D7FDAA-341F-49D9-B910-1F349CA565D7}.Debug|Any CPU.ActiveCfg = Debug|Any CPU
		{96D7FDAA-341F-49D9-B910-1F349CA565D7}.Debug|Any CPU.Build.0 = Debug|Any CPU
		{96D7FDAA-341F-49D9-B910-1F349CA565D7}.Debug|x86.ActiveCfg = Debug|x86
		{96D7FDAA-341F-49D9-B910-1F349CA565D7}.Debug|x86.Build.0 = Debug|x86
		{96D7FDAA-341F-49D9-B910-1F349CA565D7}.Release|Any CPU.ActiveCfg = Release|Any CPU
		{96D7FDAA-341F-49D9-B910-1F349CA565D7}.Release|Any CPU.Build.0 = Release|Any CPU
		{96D7FDAA-341F-49D9-B910-1F349CA565D7}.Release|x86.ActiveCfg = Release|x86
		{96D7FDAA-341F-49D9-B910-1F349CA565D7}.Release|x86.Build.0 = Release|x86
		{CDF84311-5363-4054-AD8B-74741CFD4418}.Debug|Any CPU.ActiveCfg = Debug|Any CPU
		{CDF84311-5363-4054-AD8B-74741CFD4418}.Debug|Any CPU.Build.0 = Debug|Any CPU
		{CDF84311-5363-4054-AD8B-74741CFD4418}.Debug|x86.ActiveCfg = Debug|x86
		{CDF84311-5363-4054-AD8B-74741CFD4418}.Debug|x86.Build.0 = Debug|x86
		{CDF84311-5363-4054-AD8B-74741CFD4418}.Release|Any CPU.ActiveCfg = Release|Any CPU
		{CDF84311-5363-4054-AD8B-74741CFD4418}.Release|Any CPU.Build.0 = Release|Any CPU
		{CDF84311-5363-4054-AD8B-74741CFD4418}.Release|x86.ActiveCfg = Release|x86
		{CDF84311-5363-4054-AD8B-74741CFD4418}.Release|x86.Build.0 = Release|x86
	EndGlobalSection
	GlobalSection(SolutionProperties) = preSolution
		HideSolutionNode = FALSE
	EndGlobalSection
	GlobalSection(ExtensibilityGlobals) = postSolution
		BuildVersion_BuildVersioningStyle = None.None.None.None
		BuildVersion_UpdateAssemblyVersion = False
		BuildVersion_UpdateFileVersion = False
		BuildVersion_UseGlobalSettings = False
	EndGlobalSection
EndGlobal
